
Microsoft Visual Studio Solution File, Format Version 12.00
# Visual Studio Version 16
VisualStudioVersion = 16.0.33529.622
MinimumVisualStudioVersion = 10.0.40219.1
Project("{8BC9CEB8-8B4A-11D0-8D11-00A0C91BC942}") = "编写函数不允许创建临时变量，求字符串长度", "编写函数不允许创建临时变量，求字符串长度\编写函数不允许创建临时变量，求字符串长度.vcxproj", "{B390864D-6F5D-450B-84E2-07AE4ED569BE}"
EndProject
Global
	GlobalSection(SolutionConfigurationPlatforms) = preSolution
		Debug|x64 = Debug|x64
		Debug|x86 = Debug|x86
		Release|x64 = Release|x64
		Release|x86 = Release|x86
	EndGlobalSection
	GlobalSection(ProjectConfigurationPlatforms) = postSolution
		{B390864D-6F5D-450B-84E2-07AE4ED569BE}.Debug|x64.ActiveCfg = Debug|x64
		{B390864D-6F5D-450B-84E2-07AE4ED569BE}.Debug|x64.Build.0 = Debug|x64
		{B390864D-6F5D-450B-84E2-07AE4ED569BE}.Debug|x86.ActiveCfg = Debug|Win32
		{B390864D-6F5D-450B-84E2-07AE4ED569BE}.Debug|x86.Build.0 = Debug|Win32
		{B390864D-6F5D-450B-84E2-07AE4ED569BE}.Release|x64.ActiveCfg = Release|x64
		{B390864D-6F5D-450B-84E2-07AE4ED569BE}.Release|x64.Build.0 = Release|x64
		{B390864D-6F5D-450B-84E2-07AE4ED569BE}.Release|x86.ActiveCfg = Release|Win32
		{B390864D-6F5D-450B-84E2-07AE4ED569BE}.Release|x86.Build.0 = Release|Win32
	EndGlobalSection
	GlobalSection(SolutionProperties) = preSolution
		HideSolutionNode = FALSE
	EndGlobalSection
	GlobalSection(ExtensibilityGlobals) = postSolution
		SolutionGuid = {6285B6DF-DD36-4DDC-B06B-BE82A90A5D28}
	EndGlobalSection
EndGlobal
